
Microsoft Visual Studio Solution File, Format Version 12.00
# Visual Studio 15
Project("{FAE04EC0-301F-11D3-BF4B-00C04F79EFBC}") = "VuforiaScripts", "VuforiaScripts.csproj", "{E0FE53E5-7B12-CA08-9875-B900839D9637}"
EndProject
Project("{FAE04EC0-301F-11D3-BF4B-00C04F79EFBC}") = "Assembly-CSharp", "Assembly-CSharp.csproj", "{C98D8C65-39F9-B124-B5DB-20608FF969DD}"
EndProject
Project("{FAE04EC0-301F-11D3-BF4B-00C04F79EFBC}") = "VuforiaEditorScripts", "VuforiaEditorScripts.csproj", "{1178EE61-CBAF-6AC7-C9E9-779A98CF6DF6}"
EndProject
Global
	GlobalSection(SolutionConfigurationPlatforms) = preSolution
		Debug|Any CPU = Debug|Any CPU
		Release|Any CPU = Release|Any CPU
	EndGlobalSection
	GlobalSection(ProjectConfigurationPlatforms) = postSolution
		{E0FE53E5-7B12-CA08-9875-B900839D9637}.Debug|Any CPU.ActiveCfg = Debug|Any CPU
		{E0FE53E5-7B12-CA08-9875-B900839D9637}.Debug|Any CPU.Build.0 = Debug|Any CPU
		{E0FE53E5-7B12-CA08-9875-B900839D9637}.Release|Any CPU.ActiveCfg = Release|Any CPU
		{E0FE53E5-7B12-CA08-9875-B900839D9637}.Release|Any CPU.Build.0 = Release|Any CPU
		{C98D8C65-39F9-B124-B5DB-20608FF969DD}.Debug|Any CPU.ActiveCfg = Debug|Any CPU
		{C98D8C65-39F9-B124-B5DB-20608FF969DD}.Debug|Any CPU.Build.0 = Debug|Any CPU
		{C98D8C65-39F9-B124-B5DB-20608FF969DD}.Release|Any CPU.ActiveCfg = Release|Any CPU
		{C98D8C65-39F9-B124-B5DB-20608FF969DD}.Release|Any CPU.Build.0 = Release|Any CPU
		{1178EE61-CBAF-6AC7-C9E9-779A98CF6DF6}.Debug|Any CPU.ActiveCfg = Debug|Any CPU
		{1178EE61-CBAF-6AC7-C9E9-779A98CF6DF6}.Debug|Any CPU.Build.0 = Debug|Any CPU
		{1178EE61-CBAF-6AC7-C9E9-779A98CF6DF6}.Release|Any CPU.ActiveCfg = Release|Any CPU
		{1178EE61-CBAF-6AC7-C9E9-779A98CF6DF6}.Release|Any CPU.Build.0 = Release|Any CPU
	EndGlobalSection
	GlobalSection(SolutionProperties) = preSolution
		HideSolutionNode = FALSE
	EndGlobalSection
EndGlobal
